
Microsoft Visual Studio Solution File, Format Version 12.00
# Visual Studio Version 17
VisualStudioVersion = 17.5.002.0
MinimumVisualStudioVersion = 10.0.40219.1
Project("{9A19103F-16F7-4668-BE54-9A1E7A4F7556}") = "TrilhaApiDesafio", "TrilhaApiDesafio.csproj", "{BD1B60A5-88CD-4218-B2F6-6B269B0C309D}"
EndProject
Global
	GlobalSection(SolutionConfigurationPlatforms) = preSolution
		Debug|Any CPU = Debug|Any CPU
		Release|Any CPU = Release|Any CPU
	EndGlobalSection
	GlobalSection(ProjectConfigurationPlatforms) = postSolution
		{BD1B60A5-88CD-4218-B2F6-6B269B0C309D}.Debug|Any CPU.ActiveCfg = Debug|Any CPU
		{BD1B60A5-88CD-4218-B2F6-6B269B0C309D}.Debug|Any CPU.Build.0 = Debug|Any CPU
		{BD1B60A5-88CD-4218-B2F6-6B269B0C309D}.Release|Any CPU.ActiveCfg = Release|Any CPU
		{BD1B60A5-88CD-4218-B2F6-6B269B0C309D}.Release|Any CPU.Build.0 = Release|Any CPU
	EndGlobalSection
	GlobalSection(SolutionProperties) = preSolution
		HideSolutionNode = FALSE
	EndGlobalSection
	GlobalSection(ExtensibilityGlobals) = postSolution
		SolutionGuid = {7272CC74-8E38-4C0E-9334-C65038774F16}
	EndGlobalSection
EndGlobal
